
Microsoft Visual Studio Solution File, Format Version 12.00
# Visual Studio Version 17
VisualStudioVersion = 17.9.34728.123
MinimumVisualStudioVersion = 10.0.40219.1
Project("{FAE04EC0-301F-11D3-BF4B-00C04F79EFBC}") = "ControleVendas", "ControleVendas\ControleVendas.csproj", "{0BAA27AB-A43F-403D-9BBD-93382C65AEDB}"
EndProject
Global
	GlobalSection(SolutionConfigurationPlatforms) = preSolution
		Debug|Any CPU = Debug|Any CPU
		Release|Any CPU = Release|Any CPU
	EndGlobalSection
	GlobalSection(ProjectConfigurationPlatforms) = postSolution
		{0BAA27AB-A43F-403D-9BBD-93382C65AEDB}.Debug|Any CPU.ActiveCfg = Debug|Any CPU
		{0BAA27AB-A43F-403D-9BBD-93382C65AEDB}.Debug|Any CPU.Build.0 = Debug|Any CPU
		{0BAA27AB-A43F-403D-9BBD-93382C65AEDB}.Release|Any CPU.ActiveCfg = Release|Any CPU
		{0BAA27AB-A43F-403D-9BBD-93382C65AEDB}.Release|Any CPU.Build.0 = Release|Any CPU
	EndGlobalSection
	GlobalSection(SolutionProperties) = preSolution
		HideSolutionNode = FALSE
	EndGlobalSection
	GlobalSection(ExtensibilityGlobals) = postSolution
		SolutionGuid = {532FB295-69AF-4415-B21C-985D6FA14837}
	EndGlobalSection
EndGlobal
